
Microsoft Visual Studio Solution File, Format Version 12.00
# Visual Studio 2013
VisualStudioVersion = 12.0.31101.0
MinimumVisualStudioVersion = 10.0.40219.1
Project("{2150E333-8FDC-42A3-9474-1A3956D46DE8}") = "01Presentation", "01Presentation", "{3956DDEE-12D0-4FFE-B1F9-3D630744F80D}"
EndProject
Project("{2150E333-8FDC-42A3-9474-1A3956D46DE8}") = "02Buisness", "02Buisness", "{D30A0F63-417C-4978-8FE7-04EB3DA67ABE}"
EndProject
Project("{2150E333-8FDC-42A3-9474-1A3956D46DE8}") = "03Infrastructure", "03Infrastructure", "{2627B9A9-0CE1-47EC-A80F-A32512EFC25E}"
EndProject
Project("{2150E333-8FDC-42A3-9474-1A3956D46DE8}") = "04API", "04API", "{D676ED35-D927-4D0F-A05B-91E28657C833}"
EndProject
Project("{2150E333-8FDC-42A3-9474-1A3956D46DE8}") = "05Tests", "05Tests", "{AE92BF19-67D4-4C4F-969B-993EFB45FB16}"
EndProject
Project("{FAE04EC0-301F-11D3-BF4B-00C04F79EFBC}") = "MCMD.ViewModel", "MCMD.ViewModel\MCMD.ViewModel.csproj", "{0E22A79B-3917-400E-A522-912828DD9AED}"
EndProject
Project("{FAE04EC0-301F-11D3-BF4B-00C04F79EFBC}") = "MCMD.EntityModel", "MCMD.EntityModel\MCMD.EntityModel.csproj", "{624DE113-0690-4981-9F76-AF194DC84A16}"
EndProject
Project("{FAE04EC0-301F-11D3-BF4B-00C04F79EFBC}") = "MCMD.DependencyInjection", "MCMD.DependencyResolution\MCMD.DependencyInjection.csproj", "{A14DF8E6-AC7D-44D0-BC5D-4B1B49C812D1}"
EndProject
Project("{FAE04EC0-301F-11D3-BF4B-00C04F79EFBC}") = "MCMD.ApiModel", "MCMD.ApiModel\MCMD.ApiModel.csproj", "{E799C66A-1B1A-4BC4-B2C7-4A644B3178E8}"
EndProject
Project("{FAE04EC0-301F-11D3-BF4B-00C04F79EFBC}") = "MCMD.ApiService", "MCMD.ApiService\MCMD.ApiService.csproj", "{FF6FB250-2434-498A-A835-2B7041A30D31}"
EndProject
Project("{FAE04EC0-301F-11D3-BF4B-00C04F79EFBC}") = "MCMD.Web", "MCMD.Web\MCMD.Web.csproj", "{D453B963-9AE0-4987-B456-282A09E1B6A6}"
EndProject
Project("{FAE04EC0-301F-11D3-BF4B-00C04F79EFBC}") = "MCMD.Web.Tests", "MCMD.Web.Tests\MCMD.Web.Tests.csproj", "{0E86D8CA-257E-49D5-9623-69A495A9B27E}"
EndProject
Project("{FAE04EC0-301F-11D3-BF4B-00C04F79EFBC}") = "MCMD.EntityRepository", "MCMD.EntityRepository\MCMD.EntityRepository.csproj", "{72336627-055A-4CC7-B835-1B0926E14A61}"
EndProject
Project("{FAE04EC0-301F-11D3-BF4B-00C04F79EFBC}") = "MCMD.IRepository", "MCMD.IRepository\MCMD.IRepository.csproj", "{DE9CDE38-97E2-4BE8-84AE-B4E0BE2B5A6E}"
EndProject
Project("{FAE04EC0-301F-11D3-BF4B-00C04F79EFBC}") = "MCMD.ErrorLogging", "MCMD.ErrorLogging\MCMD.ErrorLogging.csproj", "{AB581806-9BB0-48C7-B06A-45FE3162FF02}"
EndProject
Project("{FAE04EC0-301F-11D3-BF4B-00C04F79EFBC}") = "MCMD.Common", "MCMD.Common\MCMD.Common.csproj", "{ABA48EE1-1B82-4E49-B890-80718D3A3E72}"
EndProject
Global
	GlobalSection(SolutionConfigurationPlatforms) = preSolution
		Debug|Any CPU = Debug|Any CPU
		Release|Any CPU = Release|Any CPU
	EndGlobalSection
	GlobalSection(ProjectConfigurationPlatforms) = postSolution
		{0E22A79B-3917-400E-A522-912828DD9AED}.Debug|Any CPU.ActiveCfg = Debug|Any CPU
		{0E22A79B-3917-400E-A522-912828DD9AED}.Debug|Any CPU.Build.0 = Debug|Any CPU
		{0E22A79B-3917-400E-A522-912828DD9AED}.Release|Any CPU.ActiveCfg = Release|Any CPU
		{0E22A79B-3917-400E-A522-912828DD9AED}.Release|Any CPU.Build.0 = Release|Any CPU
		{624DE113-0690-4981-9F76-AF194DC84A16}.Debug|Any CPU.ActiveCfg = Debug|Any CPU
		{624DE113-0690-4981-9F76-AF194DC84A16}.Debug|Any CPU.Build.0 = Debug|Any CPU
		{624DE113-0690-4981-9F76-AF194DC84A16}.Release|Any CPU.ActiveCfg = Release|Any CPU
		{624DE113-0690-4981-9F76-AF194DC84A16}.Release|Any CPU.Build.0 = Release|Any CPU
		{A14DF8E6-AC7D-44D0-BC5D-4B1B49C812D1}.Debug|Any CPU.ActiveCfg = Debug|Any CPU
		{A14DF8E6-AC7D-44D0-BC5D-4B1B49C812D1}.Debug|Any CPU.Build.0 = Debug|Any CPU
		{A14DF8E6-AC7D-44D0-BC5D-4B1B49C812D1}.Release|Any CPU.ActiveCfg = Release|Any CPU
		{A14DF8E6-AC7D-44D0-BC5D-4B1B49C812D1}.Release|Any CPU.Build.0 = Release|Any CPU
		{E799C66A-1B1A-4BC4-B2C7-4A644B3178E8}.Debug|Any CPU.ActiveCfg = Debug|Any CPU
		{E799C66A-1B1A-4BC4-B2C7-4A644B3178E8}.Debug|Any CPU.Build.0 = Debug|Any CPU
		{E799C66A-1B1A-4BC4-B2C7-4A644B3178E8}.Release|Any CPU.ActiveCfg = Release|Any CPU
		{E799C66A-1B1A-4BC4-B2C7-4A644B3178E8}.Release|Any CPU.Build.0 = Release|Any CPU
		{FF6FB250-2434-498A-A835-2B7041A30D31}.Debug|Any CPU.ActiveCfg = Debug|Any CPU
		{FF6FB250-2434-498A-A835-2B7041A30D31}.Debug|Any CPU.Build.0 = Debug|Any CPU
		{FF6FB250-2434-498A-A835-2B7041A30D31}.Release|Any CPU.ActiveCfg = Release|Any CPU
		{FF6FB250-2434-498A-A835-2B7041A30D31}.Release|Any CPU.Build.0 = Release|Any CPU
		{D453B963-9AE0-4987-B456-282A09E1B6A6}.Debug|Any CPU.ActiveCfg = Debug|Any CPU
		{D453B963-9AE0-4987-B456-282A09E1B6A6}.Debug|Any CPU.Build.0 = Debug|Any CPU
		{D453B963-9AE0-4987-B456-282A09E1B6A6}.Release|Any CPU.ActiveCfg = Release|Any CPU
		{D453B963-9AE0-4987-B456-282A09E1B6A6}.Release|Any CPU.Build.0 = Release|Any CPU
		{0E86D8CA-257E-49D5-9623-69A495A9B27E}.Debug|Any CPU.ActiveCfg = Debug|Any CPU
		{0E86D8CA-257E-49D5-9623-69A495A9B27E}.Debug|Any CPU.Build.0 = Debug|Any CPU
		{0E86D8CA-257E-49D5-9623-69A495A9B27E}.Release|Any CPU.ActiveCfg = Release|Any CPU
		{0E86D8CA-257E-49D5-9623-69A495A9B27E}.Release|Any CPU.Build.0 = Release|Any CPU
		{72336627-055A-4CC7-B835-1B0926E14A61}.Debug|Any CPU.ActiveCfg = Debug|Any CPU
		{72336627-055A-4CC7-B835-1B0926E14A61}.Debug|Any CPU.Build.0 = Debug|Any CPU
		{72336627-055A-4CC7-B835-1B0926E14A61}.Release|Any CPU.ActiveCfg = Release|Any CPU
		{72336627-055A-4CC7-B835-1B0926E14A61}.Release|Any CPU.Build.0 = Release|Any CPU
		{DE9CDE38-97E2-4BE8-84AE-B4E0BE2B5A6E}.Debug|Any CPU.ActiveCfg = Debug|Any CPU
		{DE9CDE38-97E2-4BE8-84AE-B4E0BE2B5A6E}.Debug|Any CPU.Build.0 = Debug|Any CPU
		{DE9CDE38-97E2-4BE8-84AE-B4E0BE2B5A6E}.Release|Any CPU.ActiveCfg = Release|Any CPU
		{DE9CDE38-97E2-4BE8-84AE-B4E0BE2B5A6E}.Release|Any CPU.Build.0 = Release|Any CPU
		{AB581806-9BB0-48C7-B06A-45FE3162FF02}.Debug|Any CPU.ActiveCfg = Debug|Any CPU
		{AB581806-9BB0-48C7-B06A-45FE3162FF02}.Debug|Any CPU.Build.0 = Debug|Any CPU
		{AB581806-9BB0-48C7-B06A-45FE3162FF02}.Release|Any CPU.ActiveCfg = Release|Any CPU
		{AB581806-9BB0-48C7-B06A-45FE3162FF02}.Release|Any CPU.Build.0 = Release|Any CPU
		{ABA48EE1-1B82-4E49-B890-80718D3A3E72}.Debug|Any CPU.ActiveCfg = Debug|Any CPU
		{ABA48EE1-1B82-4E49-B890-80718D3A3E72}.Debug|Any CPU.Build.0 = Debug|Any CPU
		{ABA48EE1-1B82-4E49-B890-80718D3A3E72}.Release|Any CPU.ActiveCfg = Release|Any CPU
		{ABA48EE1-1B82-4E49-B890-80718D3A3E72}.Release|Any CPU.Build.0 = Release|Any CPU
	EndGlobalSection
	GlobalSection(SolutionProperties) = preSolution
		HideSolutionNode = FALSE
	EndGlobalSection
	GlobalSection(NestedProjects) = preSolution
		{0E22A79B-3917-400E-A522-912828DD9AED} = {3956DDEE-12D0-4FFE-B1F9-3D630744F80D}
		{624DE113-0690-4981-9F76-AF194DC84A16} = {D30A0F63-417C-4978-8FE7-04EB3DA67ABE}
		{A14DF8E6-AC7D-44D0-BC5D-4B1B49C812D1} = {2627B9A9-0CE1-47EC-A80F-A32512EFC25E}
		{E799C66A-1B1A-4BC4-B2C7-4A644B3178E8} = {D676ED35-D927-4D0F-A05B-91E28657C833}
		{FF6FB250-2434-498A-A835-2B7041A30D31} = {D676ED35-D927-4D0F-A05B-91E28657C833}
		{D453B963-9AE0-4987-B456-282A09E1B6A6} = {3956DDEE-12D0-4FFE-B1F9-3D630744F80D}
		{0E86D8CA-257E-49D5-9623-69A495A9B27E} = {AE92BF19-67D4-4C4F-969B-993EFB45FB16}
		{72336627-055A-4CC7-B835-1B0926E14A61} = {D30A0F63-417C-4978-8FE7-04EB3DA67ABE}
		{DE9CDE38-97E2-4BE8-84AE-B4E0BE2B5A6E} = {D30A0F63-417C-4978-8FE7-04EB3DA67ABE}
		{AB581806-9BB0-48C7-B06A-45FE3162FF02} = {3956DDEE-12D0-4FFE-B1F9-3D630744F80D}
		{ABA48EE1-1B82-4E49-B890-80718D3A3E72} = {3956DDEE-12D0-4FFE-B1F9-3D630744F80D}
	EndGlobalSection
EndGlobal
